
Microsoft Visual Studio Solution File, Format Version 12.00
Project("{FAE04EC0-301F-11D3-BF4B-00C04F79EFBC}") = "PuttyLauncher", "PuttyLauncher\PuttyLauncher.csproj", "{77F33645-B7FD-4D70-9F37-B34148E4809B}"
EndProject
Global
	GlobalSection(SolutionConfigurationPlatforms) = preSolution
		Debug|Any CPU = Debug|Any CPU
		Release|Any CPU = Release|Any CPU
	EndGlobalSection
	GlobalSection(ProjectConfigurationPlatforms) = postSolution
		{77F33645-B7FD-4D70-9F37-B34148E4809B}.Debug|Any CPU.ActiveCfg = Debug|Any CPU
		{77F33645-B7FD-4D70-9F37-B34148E4809B}.Debug|Any CPU.Build.0 = Debug|Any CPU
		{77F33645-B7FD-4D70-9F37-B34148E4809B}.Release|Any CPU.ActiveCfg = Release|Any CPU
		{77F33645-B7FD-4D70-9F37-B34148E4809B}.Release|Any CPU.Build.0 = Release|Any CPU
	EndGlobalSection
EndGlobal
